// !$*UTF8*$!
{
	archiveVersion = 1;
	classes = {
	};
	objectVersion = 50;
	objects = {

/* Begin PBXBuildFile section */
		66624F6F28342373005E9347 /* AppDelegate.swift in Sources */ = {isa = PBXBuildFile; fileRef = 66624F6E28342373005E9347 /* AppDelegate.swift */; };
		66624F7128342373005E9347 /* SceneDelegate.swift in Sources */ = {isa = PBXBuildFile; fileRef = 66624F7028342373005E9347 /* SceneDelegate.swift */; };
		66624F7328342373005E9347 /* ViewController.swift in Sources */ = {isa = PBXBuildFile; fileRef = 66624F7228342373005E9347 /* ViewController.swift */; };
		66624F7628342373005E9347 /* Main.storyboard in Resources */ = {isa = PBXBuildFile; fileRef = 66624F7428342373005E9347 /* Main.storyboard */; };
		66624F7928342373005E9347 /* Book_Online.xcdatamodeld in Sources */ = {isa = PBXBuildFile; fileRef = 66624F7728342373005E9347 /* Book_Online.xcdatamodeld */; };
		66624F7B28342377005E9347 /* Assets.xcassets in Resources */ = {isa = PBXBuildFile; fileRef = 66624F7A28342377005E9347 /* Assets.xcassets */; };
		66624F7E28342377005E9347 /* LaunchScreen.storyboard in Resources */ = {isa = PBXBuildFile; fileRef = 66624F7C28342377005E9347 /* LaunchScreen.storyboard */; };
		66624F8928342377005E9347 /* Book_OnlineTests.swift in Sources */ = {isa = PBXBuildFile; fileRef = 66624F8828342377005E9347 /* Book_OnlineTests.swift */; };
		66624F9428342377005E9347 /* Book_OnlineUITests.swift in Sources */ = {isa = PBXBuildFile; fileRef = 66624F9328342377005E9347 /* Book_OnlineUITests.swift */; };
/* End PBXBuildFile section */

/* Begin PBXContainerItemProxy section */
		66624F8528342377005E9347 /* PBXContainerItemProxy */ = {
			isa = PBXContainerItemProxy;
			containerPortal = 66624F6328342373005E9347 /* Project object */;
			proxyType = 1;
			remoteGlobalIDString = 66624F6A28342373005E9347;
			remoteInfo = Book_Online;
		};
		66624F9028342377005E9347 /* PBXContainerItemProxy */ = {
			isa = PBXContainerItemProxy;
			containerPortal = 66624F6328342373005E9347 /* Project object */;
			proxyType = 1;
			remoteGlobalIDString = 66624F6A28342373005E9347;
			remoteInfo = Book_Online;
		};
/* End PBXContainerItemProxy section */

/* Begin PBXFileReference section */
		66624F6B28342373005E9347 /* Book_Online.app */ = {isa = PBXFileReference; explicitFileType = wrapper.application; includeInIndex = 0; path = Book_Online.app; sourceTree = BUILT_PRODUCTS_DIR; };
		66624F6E28342373005E9347 /* AppDelegate.swift */ = {isa = PBXFileReference; lastKnownFileType = sourcecode.swift; path = AppDelegate.swift; sourceTree = "<group>"; };
		66624F7028342373005E9347 /* SceneDelegate.swift */ = {isa = PBXFileReference; lastKnownFileType = sourcecode.swift; path = SceneDelegate.swift; sourceTree = "<group>"; };
		66624F7228342373005E9347 /* ViewController.swift */ = {isa = PBXFileReference; lastKnownFileType = sourcecode.swift; path = ViewController.swift; sourceTree = "<group>"; };
		66624F7528342373005E9347 /* Base */ = {isa = PBXFileReference; lastKnownFileType = file.storyboard; name = Base; path = Base.lproj/Main.storyboard; sourceTree = "<group>"; };
		66624F7828342373005E9347 /* Book_Online.xcdatamodel */ = {isa = PBXFileReference; lastKnownFileType = wrapper.xcdatamodel; path = Book_Online.xcdatamodel; sourceTree = "<group>"; };
		66624F7A28342377005E9347 /* Assets.xcassets */ = {isa = PBXFileReference; lastKnownFileType = folder.assetcatalog; path = Assets.xcassets; sourceTree = "<group>"; };
		66624F7D28342377005E9347 /* Base */ = {isa = PBXFileReference; lastKnownFileType = file.storyboard; name = Base; path = Base.lproj/LaunchScreen.storyboard; sourceTree = "<group>"; };
		66624F7F28342377005E9347 /* Info.plist */ = {isa = PBXFileReference; lastKnownFileType = text.plist.xml; path = Info.plist; sourceTree = "<group>"; };
		66624F8428342377005E9347 /* Book_OnlineTests.xctest */ = {isa = PBXFileReference; explicitFileType = wrapper.cfbundle; includeInIndex = 0; path = Book_OnlineTests.xctest; sourceTree = BUILT_PRODUCTS_DIR; };
		66624F8828342377005E9347 /* Book_OnlineTests.swift */ = {isa = PBXFileReference; lastKnownFileType = sourcecode.swift; path = Book_OnlineTests.swift; sourceTree = "<group>"; };
		66624F8A28342377005E9347 /* Info.plist */ = {isa = PBXFileReference; lastKnownFileType = text.plist.xml; path = Info.plist; sourceTree = "<group>"; };
		66624F8F28342377005E9347 /* Book_OnlineUITests.xctest */ = {isa = PBXFileReference; explicitFileType = wrapper.cfbundle; includeInIndex = 0; path = Book_OnlineUITests.xctest; sourceTree = BUILT_PRODUCTS_DIR; };
		66624F9328342377005E9347 /* Book_OnlineUITests.swift */ = {isa = PBXFileReference; lastKnownFileType = sourcecode.swift; path = Book_OnlineUITests.swift; sourceTree = "<group>"; };
		66624F9528342377005E9347 /* Info.plist */ = {isa = PBXFileReference; lastKnownFileType = text.plist.xml; path = Info.plist; sourceTree = "<group>"; };
/* End PBXFileReference section */

/* Begin PBXFrameworksBuildPhase section */
		66624F6828342373005E9347 /* Frameworks */ = {
			isa = PBXFrameworksBuildPhase;
			buildActionMask = 2147483647;
			files = (
			);
			runOnlyForDeploymentPostprocessing = 0;
		};
		66624F8128342377005E9347 /* Frameworks */ = {
			isa = PBXFrameworksBuildPhase;
			buildActionMask = 2147483647;
			files = (
			);
			runOnlyForDeploymentPostprocessing = 0;
		};
		66624F8C28342377005E9347 /* Frameworks */ = {
			isa = PBXFrameworksBuildPhase;
			buildActionMask = 2147483647;
			files = (
			);
			runOnlyForDeploymentPostprocessing = 0;
		};
/* End PBXFrameworksBuildPhase section */

/* Begin PBXGroup section */
		66624F6228342373005E9347 = {
			isa = PBXGroup;
			children = (
				66624F6D28342373005E9347 /* Book_Online */,
				66624F8728342377005E9347 /* Book_OnlineTests */,
				66624F9228342377005E9347 /* Book_OnlineUITests */,
				66624F6C28342373005E9347 /* Products */,
			);
			sourceTree = "<group>";
		};
		66624F6C28342373005E9347 /* Products */ = {
			isa = PBXGroup;
			children = (
				66624F6B28342373005E9347 /* Book_Online.app */,
				66624F8428342377005E9347 /* Book_OnlineTests.xctest */,
				66624F8F28342377005E9347 /* Book_OnlineUITests.xctest */,
			);
			name = Products;
			sourceTree = "<group>";
		};
		66624F6D28342373005E9347 /* Book_Online */ = {
			isa = PBXGroup;
			children = (
				66624F6E28342373005E9347 /* AppDelegate.swift */,
				66624F7028342373005E9347 /* SceneDelegate.swift */,
				66624F7228342373005E9347 /* ViewController.swift */,
				66624F7428342373005E9347 /* Main.storyboard */,
				66624F7A28342377005E9347 /* Assets.xcassets */,
				66624F7C28342377005E9347 /* LaunchScreen.storyboard */,
				66624F7F28342377005E9347 /* Info.plist */,
				66624F7728342373005E9347 /* Book_Online.xcdatamodeld */,
			);
			path = Book_Online;
			sourceTree = "<group>";
		};
		66624F8728342377005E9347 /* Book_OnlineTests */ = {
			isa = PBXGroup;
			children = (
				66624F8828342377005E9347 /* Book_OnlineTests.swift */,
				66624F8A28342377005E9347 /* Info.plist */,
			);
			path = Book_OnlineTests;
			sourceTree = "<group>";
		};
		66624F9228342377005E9347 /* Book_OnlineUITests */ = {
			isa = PBXGroup;
			children = (
				66624F9328342377005E9347 /* Book_OnlineUITests.swift */,
				66624F9528342377005E9347 /* Info.plist */,
			);
			path = Book_OnlineUITests;
			sourceTree = "<group>";
		};
/* End PBXGroup section */

/* Begin PBXNativeTarget section */
		66624F6A28342373005E9347 /* Book_Online */ = {
			isa = PBXNativeTarget;
			buildConfigurationList = 66624F9828342377005E9347 /* Build configuration list for PBXNativeTarget "Book_Online" */;
			buildPhases = (
				66624F6728342373005E9347 /* Sources */,
				66624F6828342373005E9347 /* Frameworks */,
				66624F6928342373005E9347 /* Resources */,
			);
			buildRules = (
			);
			dependencies = (
			);
			name = Book_Online;
			productName = Book_Online;
			productReference = 66624F6B28342373005E9347 /* Book_Online.app */;
			productType = "com.apple.product-type.application";
		};
		66624F8328342377005E9347 /* Book_OnlineTests */ = {
			isa = PBXNativeTarget;
			buildConfigurationList = 66624F9B28342377005E9347 /* Build configuration list for PBXNativeTarget "Book_OnlineTests" */;
			buildPhases = (
				66624F8028342377005E9347 /* Sources */,
				66624F8128342377005E9347 /* Frameworks */,
				66624F8228342377005E9347 /* Resources */,
			);
			buildRules = (
			);
			dependencies = (
				66624F8628342377005E9347 /* PBXTargetDependency */,
			);
			name = Book_OnlineTests;
			productName = Book_OnlineTests;
			productReference = 66624F8428342377005E9347 /* Book_OnlineTests.xctest */;
			productType = "com.apple.product-type.bundle.unit-test";
		};
		66624F8E28342377005E9347 /* Book_OnlineUITests */ = {
			isa = PBXNativeTarget;
			buildConfigurationList = 66624F9E28342377005E9347 /* Build configuration list for PBXNativeTarget "Book_OnlineUITests" */;
			buildPhases = (
				66624F8B28342377005E9347 /* Sources */,
				66624F8C28342377005E9347 /* Frameworks */,
				66624F8D28342377005E9347 /* Resources */,
			);
			buildRules = (
			);
			dependencies = (
				66624F9128342377005E9347 /* PBXTargetDependency */,
			);
			name = Book_OnlineUITests;
			productName = Book_OnlineUITests;
			productReference = 66624F8F28342377005E9347 /* Book_OnlineUITests.xctest */;
			productType = "com.apple.product-type.bundle.ui-testing";
		};
/* End PBXNativeTarget section */

/* Begin PBXProject section */
		66624F6328342373005E9347 /* Project object */ = {
			isa = PBXProject;
			attributes = {
				LastSwiftUpdateCheck = 1140;
				LastUpgradeCheck = 1140;
				ORGANIZATIONNAME = VoYen;
				TargetAttributes = {
					66624F6A28342373005E9347 = {
						CreatedOnToolsVersion = 11.4.1;
					};
					66624F8328342377005E9347 = {
						CreatedOnToolsVersion = 11.4.1;
						TestTargetID = 66624F6A28342373005E9347;
					};
					66624F8E28342377005E9347 = {
						CreatedOnToolsVersion = 11.4.1;
						TestTargetID = 66624F6A28342373005E9347;
					};
				};
			};
			buildConfigurationList = 66624F6628342373005E9347 /* Build configuration list for PBXProject "Book_Online" */;
			compatibilityVersion = "Xcode 9.3";
			developmentRegion = en;
			hasScannedForEncodings = 0;
			knownRegions = (
				en,
				Base,
			);
			mainGroup = 66624F6228342373005E9347;
			productRefGroup = 66624F6C28342373005E9347 /* Products */;
			projectDirPath = "";
			projectRoot = "";
			targets = (
				66624F6A28342373005E9347 /* Book_Online */,
				66624F8328342377005E9347 /* Book_OnlineTests */,
				66624F8E28342377005E9347 /* Book_OnlineUITests */,
			);
		};
/* End PBXProject section */

/* Begin PBXResourcesBuildPhase section */
		66624F6928342373005E9347 /* Resources */ = {
			isa = PBXResourcesBuildPhase;
			buildActionMask = 2147483647;
			files = (
				66624F7E28342377005E9347 /* LaunchScreen.storyboard in Resources */,
				66624F7B28342377005E9347 /* Assets.xcassets in Resources */,
				66624F7628342373005E9347 /* Main.storyboard in Resources */,
			);
			runOnlyForDeploymentPostprocessing = 0;
		};
		66624F8228342377005E9347 /* Resources */ = {
			isa = PBXResourcesBuildPhase;
			buildActionMask = 2147483647;
			files = (
			);
			runOnlyForDeploymentPostprocessing = 0;
		};
		66624F8D28342377005E9347 /* Resources */ = {
			isa = PBXResourcesBuildPhase;
			buildActionMask = 2147483647;
			files = (
			);
			runOnlyForDeploymentPostprocessing = 0;
		};
/* End PBXResourcesBuildPhase section */

/* Begin PBXSourcesBuildPhase section */
		66624F6728342373005E9347 /* Sources */ = {
			isa = PBXSourcesBuildPhase;
			buildActionMask = 2147483647;
			files = (
				66624F7328342373005E9347 /* ViewController.swift in Sources */,
				66624F6F28342373005E9347 /* AppDelegate.swift in Sources */,
				66624F7128342373005E9347 /* SceneDelegate.swift in Sources */,
				66624F7928342373005E9347 /* Book_Online.xcdatamodeld in Sources */,
			);
			runOnlyForDeploymentPostprocessing = 0;
		};
		66624F8028342377005E9347 /* Sources */ = {
			isa = PBXSourcesBuildPhase;
			buildActionMask = 2147483647;
			files = (
				66624F8928342377005E9347 /* Book_OnlineTests.swift in Sources */,
			);
			runOnlyForDeploymentPostprocessing = 0;
		};
		66624F8B28342377005E9347 /* Sources */ = {
			isa = PBXSourcesBuildPhase;
			buildActionMask = 2147483647;
			files = (
				66624F9428342377005E9347 /* Book_OnlineUITests.swift in Sources */,
			);
			runOnlyForDeploymentPostprocessing = 0;
		};
/* End PBXSourcesBuildPhase section */

/* Begin PBXTargetDependency section */
		66624F8628342377005E9347 /* PBXTargetDependency */ = {
			isa = PBXTargetDependency;
			target = 66624F6A28342373005E9347 /* Book_Online */;
			targetProxy = 66624F8528342377005E9347 /* PBXContainerItemProxy */;
		};
		66624F9128342377005E9347 /* PBXTargetDependency */ = {
			isa = PBXTargetDependency;
			target = 66624F6A28342373005E9347 /* Book_Online */;
			targetProxy = 66624F9028342377005E9347 /* PBXContainerItemProxy */;
		};
/* End PBXTargetDependency section */

/* Begin PBXVariantGroup section */
		66624F7428342373005E9347 /* Main.storyboard */ = {
			isa = PBXVariantGroup;
			children = (
				66624F7528342373005E9347 /* Base */,
			);
			name = Main.storyboard;
			sourceTree = "<group>";
		};
		66624F7C28342377005E9347 /* LaunchScreen.storyboard */ = {
			isa = PBXVariantGroup;
			children = (
				66624F7D28342377005E9347 /* Base */,
			);
			name = LaunchScreen.storyboard;
			sourceTree = "<group>";
		};
/* End PBXVariantGroup section */

/* Begin XCBuildConfiguration section */
		66624F9628342377005E9347 /* Debug */ = {
			isa = XCBuildConfiguration;
			buildSettings = {
				ALWAYS_SEARCH_USER_PATHS = NO;
				CLANG_ANALYZER_NONNULL = YES;
				CLANG_ANALYZER_NUMBER_OBJECT_CONVERSION = YES_AGGRESSIVE;
				CLANG_CXX_LANGUAGE_STANDARD = "gnu++14";
				CLANG_CXX_LIBRARY = "libc++";
				CLANG_ENABLE_MODULES = YES;
				CLANG_ENABLE_OBJC_ARC = YES;
				CLANG_ENABLE_OBJC_WEAK = YES;
				CLANG_WARN_BLOCK_CAPTURE_AUTORELEASING = YES;
				CLANG_WARN_BOOL_CONVERSION = YES;
				CLANG_WARN_COMMA = YES;
				CLANG_WARN_CONSTANT_CONVERSION = YES;
				CLANG_WARN_DEPRECATED_OBJC_IMPLEMENTATIONS = YES;
				CLANG_WARN_DIRECT_OBJC_ISA_USAGE = YES_ERROR;
				CLANG_WARN_DOCUMENTATION_COMMENTS = YES;
				CLANG_WARN_EMPTY_BODY = YES;
				CLANG_WARN_ENUM_CONVERSION = YES;
				CLANG_WARN_INFINITE_RECURSION = YES;
				CLANG_WARN_INT_CONVERSION = YES;
				CLANG_WARN_NON_LITERAL_NULL_CONVERSION = YES;
				CLANG_WARN_OBJC_IMPLICIT_RETAIN_SELF = YES;
				CLANG_WARN_OBJC_LITERAL_CONVERSION = YES;
				CLANG_WARN_OBJC_ROOT_CLASS = YES_ERROR;
				CLANG_WARN_RANGE_LOOP_ANALYSIS = YES;
				CLANG_WARN_STRICT_PROTOTYPES = YES;
				CLANG_WARN_SUSPICIOUS_MOVE = YES;
				CLANG_WARN_UNGUARDED_AVAILABILITY = YES_AGGRESSIVE;
				CLANG_WARN_UNREACHABLE_CODE = YES;
				CLANG_WARN__DUPLICATE_METHOD_MATCH = YES;
				COPY_PHASE_STRIP = NO;
				DEBUG_INFORMATION_FORMAT = dwarf;
				ENABLE_STRICT_OBJC_MSGSEND = YES;
				ENABLE_TESTABILITY = YES;
				GCC_C_LANGUAGE_STANDARD = gnu11;
				GCC_DYNAMIC_NO_PIC = NO;
				GCC_NO_COMMON_BLOCKS = YES;
				GCC_OPTIMIZATION_LEVEL = 0;
				GCC_PREPROCESSOR_DEFINITIONS = (
					"DEBUG=1",
					"$(inherited)",
				);
				GCC_WARN_64_TO_32_BIT_CONVERSION = YES;
				GCC_WARN_ABOUT_RETURN_TYPE = YES_ERROR;
				GCC_WARN_UNDECLARED_SELECTOR = YES;
				GCC_WARN_UNINITIALIZED_AUTOS = YES_AGGRESSIVE;
				GCC_WARN_UNUSED_FUNCTION = YES;
				GCC_WARN_UNUSED_VARIABLE = YES;
				IPHONEOS_DEPLOYMENT_TARGET = 13.4;
				MTL_ENABLE_DEBUG_INFO = INCLUDE_SOURCE;
				MTL_FAST_MATH = YES;
				ONLY_ACTIVE_ARCH = YES;
				SDKROOT = iphoneos;
				SWIFT_ACTIVE_COMPILATION_CONDITIONS = DEBUG;
				SWIFT_OPTIMIZATION_LEVEL = "-Onone";
			};
			name = Debug;
		};
		66624F9728342377005E9347 /* Release */ = {
			isa = XCBuildConfiguration;
			buildSettings = {
				ALWAYS_SEARCH_USER_PATHS = NO;
				CLANG_ANALYZER_NONNULL = YES;
				CLANG_ANALYZER_NUMBER_OBJECT_CONVERSION = YES_AGGRESSIVE;
				CLANG_CXX_LANGUAGE_STANDARD = "gnu++14";
				CLANG_CXX_LIBRARY = "libc++";
				CLANG_ENABLE_MODULES = YES;
				CLANG_ENABLE_OBJC_ARC = YES;
				CLANG_ENABLE_OBJC_WEAK = YES;
				CLANG_WARN_BLOCK_CAPTURE_AUTORELEASING = YES;
				CLANG_WARN_BOOL_CONVERSION = YES;
				CLANG_WARN_COMMA = YES;
				CLANG_WARN_CONSTANT_CONVERSION = YES;
				CLANG_WARN_DEPRECATED_OBJC_IMPLEMENTATIONS = YES;
				CLANG_WARN_DIRECT_OBJC_ISA_USAGE = YES_ERROR;
				CLANG_WARN_DOCUMENTATION_COMMENTS = YES;
				CLANG_WARN_EMPTY_BODY = YES;
				CLANG_WARN_ENUM_CONVERSION = YES;
				CLANG_WARN_INFINITE_RECURSION = YES;
				CLANG_WARN_INT_CONVERSION = YES;
				CLANG_WARN_NON_LITERAL_NULL_CONVERSION = YES;
				CLANG_WARN_OBJC_IMPLICIT_RETAIN_SELF = YES;
				CLANG_WARN_OBJC_LITERAL_CONVERSION = YES;
				CLANG_WARN_OBJC_ROOT_CLASS = YES_ERROR;
				CLANG_WARN_RANGE_LOOP_ANALYSIS = YES;
				CLANG_WARN_STRICT_PROTOTYPES = YES;
				CLANG_WARN_SUSPICIOUS_MOVE = YES;
				CLANG_WARN_UNGUARDED_AVAILABILITY = YES_AGGRESSIVE;
				CLANG_WARN_UNREACHABLE_CODE = YES;
				CLANG_WARN__DUPLICATE_METHOD_MATCH = YES;
				COPY_PHASE_STRIP = NO;
				DEBUG_INFORMATION_FORMAT = "dwarf-with-dsym";
				ENABLE_NS_ASSERTIONS = NO;
				ENABLE_STRICT_OBJC_MSGSEND = YES;
				GCC_C_LANGUAGE_STANDARD = gnu11;
				GCC_NO_COMMON_BLOCKS = YES;
				GCC_WARN_64_TO_32_BIT_CONVERSION = YES;
				GCC_WARN_ABOUT_RETURN_TYPE = YES_ERROR;
				GCC_WARN_UNDECLARED_SELECTOR = YES;
				GCC_WARN_UNINITIALIZED_AUTOS = YES_AGGRESSIVE;
				GCC_WARN_UNUSED_FUNCTION = YES;
				GCC_WARN_UNUSED_VARIABLE = YES;
				IPHONEOS_DEPLOYMENT_TARGET = 13.4;
				MTL_ENABLE_DEBUG_INFO = NO;
				MTL_FAST_MATH = YES;
				SDKROOT = iphoneos;
				SWIFT_COMPILATION_MODE = wholemodule;
				SWIFT_OPTIMIZATION_LEVEL = "-O";
				VALIDATE_PRODUCT = YES;
			};
			name = Release;
		};
		66624F9928342377005E9347 /* Debug */ = {
			isa = XCBuildConfiguration;
			buildSettings = {
				ASSETCATALOG_COMPILER_APPICON_NAME = AppIcon;
				CODE_SIGN_STYLE = Automatic;
				INFOPLIST_FILE = Book_Online/Info.plist;
				LD_RUNPATH_SEARCH_PATHS = (
					"$(inherited)",
					"@executable_path/Frameworks",
				);
				PRODUCT_BUNDLE_IDENTIFIER = "voyen.Book-Online";
				PRODUCT_NAME = "$(TARGET_NAME)";
				SWIFT_VERSION = 5.0;
				TARGETED_DEVICE_FAMILY = "1,2";
			};
			name = Debug;
		};
		66624F9A28342377005E9347 /* Release */ = {
			isa = XCBuildConfiguration;
			buildSettings = {
				ASSETCATALOG_COMPILER_APPICON_NAME = AppIcon;
				CODE_SIGN_STYLE = Automatic;
				INFOPLIST_FILE = Book_Online/Info.plist;
				LD_RUNPATH_SEARCH_PATHS = (
					"$(inherited)",
					"@executable_path/Frameworks",
				);
				PRODUCT_BUNDLE_IDENTIFIER = "voyen.Book-Online";
				PRODUCT_NAME = "$(TARGET_NAME)";
				SWIFT_VERSION = 5.0;
				TARGETED_DEVICE_FAMILY = "1,2";
			};
			name = Release;
		};
		66624F9C28342377005E9347 /* Debug */ = {
			isa = XCBuildConfiguration;
			buildSettings = {
				ALWAYS_EMBED_SWIFT_STANDARD_LIBRARIES = YES;
				BUNDLE_LOADER = "$(TEST_HOST)";
				CODE_SIGN_STYLE = Automatic;
				INFOPLIST_FILE = Book_OnlineTests/Info.plist;
				IPHONEOS_DEPLOYMENT_TARGET = 13.4;
				LD_RUNPATH_SEARCH_PATHS = (
					"$(inherited)",
					"@executable_path/Frameworks",
					"@loader_path/Frameworks",
				);
				PRODUCT_BUNDLE_IDENTIFIER = "voyen.Book-OnlineTests";
				PRODUCT_NAME = "$(TARGET_NAME)";
				SWIFT_VERSION = 5.0;
				TARGETED_DEVICE_FAMILY = "1,2";
				TEST_HOST = "$(BUILT_PRODUCTS_DIR)/Book_Online.app/Book_Online";
			};
			name = Debug;
		};
		66624F9D28342377005E9347 /* Release */ = {
			isa = XCBuildConfiguration;
			buildSettings = {
				ALWAYS_EMBED_SWIFT_STANDARD_LIBRARIES = YES;
				BUNDLE_LOADER = "$(TEST_HOST)";
				CODE_SIGN_STYLE = Automatic;
				INFOPLIST_FILE = Book_OnlineTests/Info.plist;
				IPHONEOS_DEPLOYMENT_TARGET = 13.4;
				LD_RUNPATH_SEARCH_PATHS = (
					"$(inherited)",
					"@executable_path/Frameworks",
					"@loader_path/Frameworks",
				);
				PRODUCT_BUNDLE_IDENTIFIER = "voyen.Book-OnlineTests";
				PRODUCT_NAME = "$(TARGET_NAME)";
				SWIFT_VERSION = 5.0;
				TARGETED_DEVICE_FAMILY = "1,2";
				TEST_HOST = "$(BUILT_PRODUCTS_DIR)/Book_Online.app/Book_Online";
			};
			name = Release;
		};
		66624F9F28342377005E9347 /* Debug */ = {
			isa = XCBuildConfiguration;
			buildSettings = {
				ALWAYS_EMBED_SWIFT_STANDARD_LIBRARIES = YES;
				CODE_SIGN_STYLE = Automatic;
				INFOPLIST_FILE = Book_OnlineUITests/Info.plist;
				LD_RUNPATH_SEARCH_PATHS = (
					"$(inherited)",
					"@executable_path/Frameworks",
					"@loader_path/Frameworks",
				);
				PRODUCT_BUNDLE_IDENTIFIER = "voyen.Book-OnlineUITests";
				PRODUCT_NAME = "$(TARGET_NAME)";
				SWIFT_VERSION = 5.0;
				TARGETED_DEVICE_FAMILY = "1,2";
				TEST_TARGET_NAME = Book_Online;
			};
			name = Debug;
		};
		66624FA028342377005E9347 /* Release */ = {
			isa = XCBuildConfiguration;
			buildSettings = {
				ALWAYS_EMBED_SWIFT_STANDARD_LIBRARIES = YES;
				CODE_SIGN_STYLE = Automatic;
				INFOPLIST_FILE = Book_OnlineUITests/Info.plist;
				LD_RUNPATH_SEARCH_PATHS = (
					"$(inherited)",
					"@executable_path/Frameworks",
					"@loader_path/Frameworks",
				);
				PRODUCT_BUNDLE_IDENTIFIER = "voyen.Book-OnlineUITests";
				PRODUCT_NAME = "$(TARGET_NAME)";
				SWIFT_VERSION = 5.0;
				TARGETED_DEVICE_FAMILY = "1,2";
				TEST_TARGET_NAME = Book_Online;
			};
			name = Release;
		};
/* End XCBuildConfiguration section */

/* Begin XCConfigurationList section */
		66624F6628342373005E9347 /* Build configuration list for PBXProject "Book_Online" */ = {
			isa = XCConfigurationList;
			buildConfigurations = (
				66624F9628342377005E9347 /* Debug */,
				66624F9728342377005E9347 /* Release */,
			);
			defaultConfigurationIsVisible = 0;
			defaultConfigurationName = Release;
		};
		66624F9828342377005E9347 /* Build configuration list for PBXNativeTarget "Book_Online" */ = {
			isa = XCConfigurationList;
			buildConfigurations = (
				66624F9928342377005E9347 /* Debug */,
				66624F9A28342377005E9347 /* Release */,
			);
			defaultConfigurationIsVisible = 0;
			defaultConfigurationName = Release;
		};
		66624F9B28342377005E9347 /* Build configuration list for PBXNativeTarget "Book_OnlineTests" */ = {
			isa = XCConfigurationList;
			buildConfigurations = (
				66624F9C28342377005E9347 /* Debug */,
				66624F9D28342377005E9347 /* Release */,
			);
			defaultConfigurationIsVisible = 0;
			defaultConfigurationName = Release;
		};
		66624F9E28342377005E9347 /* Build configuration list for PBXNativeTarget "Book_OnlineUITests" */ = {
			isa = XCConfigurationList;
			buildConfigurations = (
				66624F9F28342377005E9347 /* Debug */,
				66624FA028342377005E9347 /* Release */,
			);
			defaultConfigurationIsVisible = 0;
			defaultConfigurationName = Release;
		};
/* End XCConfigurationList section */

/* Begin XCVersionGroup section */
		66624F7728342373005E9347 /* Book_Online.xcdatamodeld */ = {
			isa = XCVersionGroup;
			children = (
				66624F7828342373005E9347 /* Book_Online.xcdatamodel */,
			);
			currentVersion = 66624F7828342373005E9347 /* Book_Online.xcdatamodel */;
			path = Book_Online.xcdatamodeld;
			sourceTree = "<group>";
			versionGroupType = wrapper.xcdatamodel;
		};
/* End XCVersionGroup section */
	};
	rootObject = 66624F6328342373005E9347 /* Project object */;
}
